
Microsoft Visual Studio Solution File, Format Version 12.00
# Visual Studio 14
VisualStudioVersion = 14.0.25420.1
MinimumVisualStudioVersion = 10.0.40219.1
Project("{FAE04EC0-301F-11D3-BF4B-00C04F79EFBC}") = "Artnix.Smpp.Client", "Artnix.Smpp.Client\Artnix.Smpp.Client.csproj", "{FF0D70CE-4E0B-4067-8916-F6940745A82E}"
EndProject
Project("{FAE04EC0-301F-11D3-BF4B-00C04F79EFBC}") = "Artnix.Smpp.Client.ConsoleTestApp", "Artnix.Smpp.Client.ConsoleTestApp\Artnix.Smpp.Client.ConsoleTestApp.csproj", "{7ABADA11-F602-4E54-B344-1B3820A56EB4}"
EndProject
Global
	GlobalSection(SolutionConfigurationPlatforms) = preSolution
		Debug|Any CPU = Debug|Any CPU
		Release|Any CPU = Release|Any CPU
	EndGlobalSection
	GlobalSection(ProjectConfigurationPlatforms) = postSolution
		{FF0D70CE-4E0B-4067-8916-F6940745A82E}.Debug|Any CPU.ActiveCfg = Debug|Any CPU
		{FF0D70CE-4E0B-4067-8916-F6940745A82E}.Debug|Any CPU.Build.0 = Debug|Any CPU
		{FF0D70CE-4E0B-4067-8916-F6940745A82E}.Release|Any CPU.ActiveCfg = Release|Any CPU
		{FF0D70CE-4E0B-4067-8916-F6940745A82E}.Release|Any CPU.Build.0 = Release|Any CPU
		{7ABADA11-F602-4E54-B344-1B3820A56EB4}.Debug|Any CPU.ActiveCfg = Debug|Any CPU
		{7ABADA11-F602-4E54-B344-1B3820A56EB4}.Debug|Any CPU.Build.0 = Debug|Any CPU
		{7ABADA11-F602-4E54-B344-1B3820A56EB4}.Release|Any CPU.ActiveCfg = Release|Any CPU
		{7ABADA11-F602-4E54-B344-1B3820A56EB4}.Release|Any CPU.Build.0 = Release|Any CPU
	EndGlobalSection
	GlobalSection(SolutionProperties) = preSolution
		HideSolutionNode = FALSE
	EndGlobalSection
EndGlobal
